// !$*UTF8*$!
{
	archiveVersion = 1;
	classes = {
	};
	objectVersion = 55;
	objects = {

/* Begin PBXBuildFile section */
		A58E6F91272FF42500A1B209 /* AppDelegate.swift in Sources */ = {isa = PBXBuildFile; fileRef = A58E6F90272FF42500A1B209 /* AppDelegate.swift */; };
		A58E6F93272FF42500A1B209 /* SceneDelegate.swift in Sources */ = {isa = PBXBuildFile; fileRef = A58E6F92272FF42500A1B209 /* SceneDelegate.swift */; };
		A58E6F95272FF42500A1B209 /* ViewController.swift in Sources */ = {isa = PBXBuildFile; fileRef = A58E6F94272FF42500A1B209 /* ViewController.swift */; };
		A58E6F98272FF42500A1B209 /* Main.storyboard in Resources */ = {isa = PBXBuildFile; fileRef = A58E6F96272FF42500A1B209 /* Main.storyboard */; };
		A58E6F9B272FF42500A1B209 /* Signature_App.xcdatamodeld in Sources */ = {isa = PBXBuildFile; fileRef = A58E6F99272FF42500A1B209 /* Signature_App.xcdatamodeld */; };
		A58E6F9D272FF42C00A1B209 /* Assets.xcassets in Resources */ = {isa = PBXBuildFile; fileRef = A58E6F9C272FF42C00A1B209 /* Assets.xcassets */; };
		A58E6FA0272FF42C00A1B209 /* LaunchScreen.storyboard in Resources */ = {isa = PBXBuildFile; fileRef = A58E6F9E272FF42C00A1B209 /* LaunchScreen.storyboard */; };
		A58E6FA82730227500A1B209 /* Model.swift in Sources */ = {isa = PBXBuildFile; fileRef = A58E6FA72730227400A1B209 /* Model.swift */; };
		A58E6FAF273149AB00A1B209 /* JuicesMenu.swift in Sources */ = {isa = PBXBuildFile; fileRef = A58E6FAD273149AB00A1B209 /* JuicesMenu.swift */; };
		A58E6FB0273149AB00A1B209 /* JuicesMenu.xib in Resources */ = {isa = PBXBuildFile; fileRef = A58E6FAE273149AB00A1B209 /* JuicesMenu.xib */; };
		A58E6FB527316C1500A1B209 /* Banner.swift in Sources */ = {isa = PBXBuildFile; fileRef = A58E6FB327316C1500A1B209 /* Banner.swift */; };
		A5C222622733164D00FE60D3 /* ViewControllerAdd.swift in Sources */ = {isa = PBXBuildFile; fileRef = A5C222612733164D00FE60D3 /* ViewControllerAdd.swift */; };
		A5C222652733D4C300FE60D3 /* TableViewCellCard.swift in Sources */ = {isa = PBXBuildFile; fileRef = A5C222632733D4C300FE60D3 /* TableViewCellCard.swift */; };
		A5C222662733D4C300FE60D3 /* TableViewCellCard.xib in Resources */ = {isa = PBXBuildFile; fileRef = A5C222642733D4C300FE60D3 /* TableViewCellCard.xib */; };
/* End PBXBuildFile section */

/* Begin PBXFileReference section */
		A58E6F8D272FF42500A1B209 /* Signature App.app */ = {isa = PBXFileReference; explicitFileType = wrapper.application; includeInIndex = 0; path = "Signature App.app"; sourceTree = BUILT_PRODUCTS_DIR; };
		A58E6F90272FF42500A1B209 /* AppDelegate.swift */ = {isa = PBXFileReference; lastKnownFileType = sourcecode.swift; path = AppDelegate.swift; sourceTree = "<group>"; };
		A58E6F92272FF42500A1B209 /* SceneDelegate.swift */ = {isa = PBXFileReference; lastKnownFileType = sourcecode.swift; path = SceneDelegate.swift; sourceTree = "<group>"; };
		A58E6F94272FF42500A1B209 /* ViewController.swift */ = {isa = PBXFileReference; lastKnownFileType = sourcecode.swift; path = ViewController.swift; sourceTree = "<group>"; };
		A58E6F97272FF42500A1B209 /* Base */ = {isa = PBXFileReference; lastKnownFileType = file.storyboard; name = Base; path = Base.lproj/Main.storyboard; sourceTree = "<group>"; };
		A58E6F9A272FF42500A1B209 /* Signature_App.xcdatamodel */ = {isa = PBXFileReference; lastKnownFileType = wrapper.xcdatamodel; path = Signature_App.xcdatamodel; sourceTree = "<group>"; };
		A58E6F9C272FF42C00A1B209 /* Assets.xcassets */ = {isa = PBXFileReference; lastKnownFileType = folder.assetcatalog; path = Assets.xcassets; sourceTree = "<group>"; };
		A58E6F9F272FF42C00A1B209 /* Base */ = {isa = PBXFileReference; lastKnownFileType = file.storyboard; name = Base; path = Base.lproj/LaunchScreen.storyboard; sourceTree = "<group>"; };
		A58E6FA1272FF42C00A1B209 /* Info.plist */ = {isa = PBXFileReference; lastKnownFileType = text.plist.xml; path = Info.plist; sourceTree = "<group>"; };
		A58E6FA72730227400A1B209 /* Model.swift */ = {isa = PBXFileReference; lastKnownFileType = sourcecode.swift; path = Model.swift; sourceTree = "<group>"; };
		A58E6FAD273149AB00A1B209 /* JuicesMenu.swift */ = {isa = PBXFileReference; lastKnownFileType = sourcecode.swift; path = JuicesMenu.swift; sourceTree = "<group>"; };
		A58E6FAE273149AB00A1B209 /* JuicesMenu.xib */ = {isa = PBXFileReference; lastKnownFileType = file.xib; path = JuicesMenu.xib; sourceTree = "<group>"; };
		A58E6FB327316C1500A1B209 /* Banner.swift */ = {isa = PBXFileReference; lastKnownFileType = sourcecode.swift; path = Banner.swift; sourceTree = "<group>"; };
		A5C222612733164D00FE60D3 /* ViewControllerAdd.swift */ = {isa = PBXFileReference; lastKnownFileType = sourcecode.swift; path = ViewControllerAdd.swift; sourceTree = "<group>"; };
		A5C222632733D4C300FE60D3 /* TableViewCellCard.swift */ = {isa = PBXFileReference; lastKnownFileType = sourcecode.swift; path = TableViewCellCard.swift; sourceTree = "<group>"; };
		A5C222642733D4C300FE60D3 /* TableViewCellCard.xib */ = {isa = PBXFileReference; lastKnownFileType = file.xib; path = TableViewCellCard.xib; sourceTree = "<group>"; };
/* End PBXFileReference section */

/* Begin PBXFrameworksBuildPhase section */
		A58E6F8A272FF42500A1B209 /* Frameworks */ = {
			isa = PBXFrameworksBuildPhase;
			buildActionMask = 2147483647;
			files = (
			);
			runOnlyForDeploymentPostprocessing = 0;
		};
/* End PBXFrameworksBuildPhase section */

/* Begin PBXGroup section */
		A58E6F84272FF42500A1B209 = {
			isa = PBXGroup;
			children = (
				A5C222632733D4C300FE60D3 /* TableViewCellCard.swift */,
				A5C222642733D4C300FE60D3 /* TableViewCellCard.xib */,
				A5C222612733164D00FE60D3 /* ViewControllerAdd.swift */,
				A58E6FB327316C1500A1B209 /* Banner.swift */,
				A58E6FAD273149AB00A1B209 /* JuicesMenu.swift */,
				A58E6FAE273149AB00A1B209 /* JuicesMenu.xib */,
				A58E6F8F272FF42500A1B209 /* Signature App */,
				A58E6F8E272FF42500A1B209 /* Products */,
			);
			sourceTree = "<group>";
		};
		A58E6F8E272FF42500A1B209 /* Products */ = {
			isa = PBXGroup;
			children = (
				A58E6F8D272FF42500A1B209 /* Signature App.app */,
			);
			name = Products;
			sourceTree = "<group>";
		};
		A58E6F8F272FF42500A1B209 /* Signature App */ = {
			isa = PBXGroup;
			children = (
				A58E6F90272FF42500A1B209 /* AppDelegate.swift */,
				A58E6F92272FF42500A1B209 /* SceneDelegate.swift */,
				A58E6F94272FF42500A1B209 /* ViewController.swift */,
				A58E6F96272FF42500A1B209 /* Main.storyboard */,
				A58E6FA72730227400A1B209 /* Model.swift */,
				A58E6F9C272FF42C00A1B209 /* Assets.xcassets */,
				A58E6F9E272FF42C00A1B209 /* LaunchScreen.storyboard */,
				A58E6FA1272FF42C00A1B209 /* Info.plist */,
				A58E6F99272FF42500A1B209 /* Signature_App.xcdatamodeld */,
			);
			path = "Signature App";
			sourceTree = "<group>";
		};
/* End PBXGroup section */

/* Begin PBXNativeTarget section */
		A58E6F8C272FF42500A1B209 /* Signature App */ = {
			isa = PBXNativeTarget;
			buildConfigurationList = A58E6FA4272FF42C00A1B209 /* Build configuration list for PBXNativeTarget "Signature App" */;
			buildPhases = (
				A58E6F89272FF42500A1B209 /* Sources */,
				A58E6F8A272FF42500A1B209 /* Frameworks */,
				A58E6F8B272FF42500A1B209 /* Resources */,
			);
			buildRules = (
			);
			dependencies = (
			);
			name = "Signature App";
			productName = "Signature App";
			productReference = A58E6F8D272FF42500A1B209 /* Signature App.app */;
			productType = "com.apple.product-type.application";
		};
/* End PBXNativeTarget section */

/* Begin PBXProject section */
		A58E6F85272FF42500A1B209 /* Project object */ = {
			isa = PBXProject;
			attributes = {
				BuildIndependentTargetsInParallel = 1;
				LastSwiftUpdateCheck = 1300;
				LastUpgradeCheck = 1300;
				TargetAttributes = {
					A58E6F8C272FF42500A1B209 = {
						CreatedOnToolsVersion = 13.0;
					};
				};
			};
			buildConfigurationList = A58E6F88272FF42500A1B209 /* Build configuration list for PBXProject "Signature App" */;
			compatibilityVersion = "Xcode 13.0";
			developmentRegion = en;
			hasScannedForEncodings = 0;
			knownRegions = (
				en,
				Base,
			);
			mainGroup = A58E6F84272FF42500A1B209;
			productRefGroup = A58E6F8E272FF42500A1B209 /* Products */;
			projectDirPath = "";
			projectRoot = "";
			targets = (
				A58E6F8C272FF42500A1B209 /* Signature App */,
			);
		};
/* End PBXProject section */

/* Begin PBXResourcesBuildPhase section */
		A58E6F8B272FF42500A1B209 /* Resources */ = {
			isa = PBXResourcesBuildPhase;
			buildActionMask = 2147483647;
			files = (
				A58E6FA0272FF42C00A1B209 /* LaunchScreen.storyboard in Resources */,
				A58E6F9D272FF42C00A1B209 /* Assets.xcassets in Resources */,
				A58E6F98272FF42500A1B209 /* Main.storyboard in Resources */,
				A5C222662733D4C300FE60D3 /* TableViewCellCard.xib in Resources */,
				A58E6FB0273149AB00A1B209 /* JuicesMenu.xib in Resources */,
			);
			runOnlyForDeploymentPostprocessing = 0;
		};
/* End PBXResourcesBuildPhase section */

/* Begin PBXSourcesBuildPhase section */
		A58E6F89272FF42500A1B209 /* Sources */ = {
			isa = PBXSourcesBuildPhase;
			buildActionMask = 2147483647;
			files = (
				A5C222652733D4C300FE60D3 /* TableViewCellCard.swift in Sources */,
				A58E6FA82730227500A1B209 /* Model.swift in Sources */,
				A58E6FAF273149AB00A1B209 /* JuicesMenu.swift in Sources */,
				A5C222622733164D00FE60D3 /* ViewControllerAdd.swift in Sources */,
				A58E6F9B272FF42500A1B209 /* Signature_App.xcdatamodeld in Sources */,
				A58E6F95272FF42500A1B209 /* ViewController.swift in Sources */,
				A58E6FB527316C1500A1B209 /* Banner.swift in Sources */,
				A58E6F91272FF42500A1B209 /* AppDelegate.swift in Sources */,
				A58E6F93272FF42500A1B209 /* SceneDelegate.swift in Sources */,
			);
			runOnlyForDeploymentPostprocessing = 0;
		};
/* End PBXSourcesBuildPhase section */

/* Begin PBXVariantGroup section */
		A58E6F96272FF42500A1B209 /* Main.storyboard */ = {
			isa = PBXVariantGroup;
			children = (
				A58E6F97272FF42500A1B209 /* Base */,
			);
			name = Main.storyboard;
			sourceTree = "<group>";
		};
		A58E6F9E272FF42C00A1B209 /* LaunchScreen.storyboard */ = {
			isa = PBXVariantGroup;
			children = (
				A58E6F9F272FF42C00A1B209 /* Base */,
			);
			name = LaunchScreen.storyboard;
			sourceTree = "<group>";
		};
/* End PBXVariantGroup section */

/* Begin XCBuildConfiguration section */
		A58E6FA2272FF42C00A1B209 /* Debug */ = {
			isa = XCBuildConfiguration;
			buildSettings = {
				ALWAYS_SEARCH_USER_PATHS = NO;
				CLANG_ANALYZER_NONNULL = YES;
				CLANG_ANALYZER_NUMBER_OBJECT_CONVERSION = YES_AGGRESSIVE;
				CLANG_CXX_LANGUAGE_STANDARD = "gnu++17";
				CLANG_CXX_LIBRARY = "libc++";
				CLANG_ENABLE_MODULES = YES;
				CLANG_ENABLE_OBJC_ARC = YES;
				CLANG_ENABLE_OBJC_WEAK = YES;
				CLANG_WARN_BLOCK_CAPTURE_AUTORELEASING = YES;
				CLANG_WARN_BOOL_CONVERSION = YES;
				CLANG_WARN_COMMA = YES;
				CLANG_WARN_CONSTANT_CONVERSION = YES;
				CLANG_WARN_DEPRECATED_OBJC_IMPLEMENTATIONS = YES;
				CLANG_WARN_DIRECT_OBJC_ISA_USAGE = YES_ERROR;
				CLANG_WARN_DOCUMENTATION_COMMENTS = YES;
				CLANG_WARN_EMPTY_BODY = YES;
				CLANG_WARN_ENUM_CONVERSION = YES;
				CLANG_WARN_INFINITE_RECURSION = YES;
				CLANG_WARN_INT_CONVERSION = YES;
				CLANG_WARN_NON_LITERAL_NULL_CONVERSION = YES;
				CLANG_WARN_OBJC_IMPLICIT_RETAIN_SELF = YES;
				CLANG_WARN_OBJC_LITERAL_CONVERSION = YES;
				CLANG_WARN_OBJC_ROOT_CLASS = YES_ERROR;
				CLANG_WARN_QUOTED_INCLUDE_IN_FRAMEWORK_HEADER = YES;
				CLANG_WARN_RANGE_LOOP_ANALYSIS = YES;
				CLANG_WARN_STRICT_PROTOTYPES = YES;
				CLANG_WARN_SUSPICIOUS_MOVE = YES;
				CLANG_WARN_UNGUARDED_AVAILABILITY = YES_AGGRESSIVE;
				CLANG_WARN_UNREACHABLE_CODE = YES;
				CLANG_WARN__DUPLICATE_METHOD_MATCH = YES;
				COPY_PHASE_STRIP = NO;
				DEBUG_INFORMATION_FORMAT = dwarf;
				ENABLE_STRICT_OBJC_MSGSEND = YES;
				ENABLE_TESTABILITY = YES;
				GCC_C_LANGUAGE_STANDARD = gnu11;
				GCC_DYNAMIC_NO_PIC = NO;
				GCC_NO_COMMON_BLOCKS = YES;
				GCC_OPTIMIZATION_LEVEL = 0;
				GCC_PREPROCESSOR_DEFINITIONS = (
					"DEBUG=1",
					"$(inherited)",
				);
				GCC_WARN_64_TO_32_BIT_CONVERSION = YES;
				GCC_WARN_ABOUT_RETURN_TYPE = YES_ERROR;
				GCC_WARN_UNDECLARED_SELECTOR = YES;
				GCC_WARN_UNINITIALIZED_AUTOS = YES_AGGRESSIVE;
				GCC_WARN_UNUSED_FUNCTION = YES;
				GCC_WARN_UNUSED_VARIABLE = YES;
				IPHONEOS_DEPLOYMENT_TARGET = 15.0;
				MTL_ENABLE_DEBUG_INFO = INCLUDE_SOURCE;
				MTL_FAST_MATH = YES;
				ONLY_ACTIVE_ARCH = YES;
				SDKROOT = iphoneos;
				SWIFT_ACTIVE_COMPILATION_CONDITIONS = DEBUG;
				SWIFT_OPTIMIZATION_LEVEL = "-Onone";
			};
			name = Debug;
		};
		A58E6FA3272FF42C00A1B209 /* Release */ = {
			isa = XCBuildConfiguration;
			buildSettings = {
				ALWAYS_SEARCH_USER_PATHS = NO;
				CLANG_ANALYZER_NONNULL = YES;
				CLANG_ANALYZER_NUMBER_OBJECT_CONVERSION = YES_AGGRESSIVE;
				CLANG_CXX_LANGUAGE_STANDARD = "gnu++17";
				CLANG_CXX_LIBRARY = "libc++";
				CLANG_ENABLE_MODULES = YES;
				CLANG_ENABLE_OBJC_ARC = YES;
				CLANG_ENABLE_OBJC_WEAK = YES;
				CLANG_WARN_BLOCK_CAPTURE_AUTORELEASING = YES;
				CLANG_WARN_BOOL_CONVERSION = YES;
				CLANG_WARN_COMMA = YES;
				CLANG_WARN_CONSTANT_CONVERSION = YES;
				CLANG_WARN_DEPRECATED_OBJC_IMPLEMENTATIONS = YES;
				CLANG_WARN_DIRECT_OBJC_ISA_USAGE = YES_ERROR;
				CLANG_WARN_DOCUMENTATION_COMMENTS = YES;
				CLANG_WARN_EMPTY_BODY = YES;
				CLANG_WARN_ENUM_CONVERSION = YES;
				CLANG_WARN_INFINITE_RECURSION = YES;
				CLANG_WARN_INT_CONVERSION = YES;
				CLANG_WARN_NON_LITERAL_NULL_CONVERSION = YES;
				CLANG_WARN_OBJC_IMPLICIT_RETAIN_SELF = YES;
				CLANG_WARN_OBJC_LITERAL_CONVERSION = YES;
				CLANG_WARN_OBJC_ROOT_CLASS = YES_ERROR;
				CLANG_WARN_QUOTED_INCLUDE_IN_FRAMEWORK_HEADER = YES;
				CLANG_WARN_RANGE_LOOP_ANALYSIS = YES;
				CLANG_WARN_STRICT_PROTOTYPES = YES;
				CLANG_WARN_SUSPICIOUS_MOVE = YES;
				CLANG_WARN_UNGUARDED_AVAILABILITY = YES_AGGRESSIVE;
				CLANG_WARN_UNREACHABLE_CODE = YES;
				CLANG_WARN__DUPLICATE_METHOD_MATCH = YES;
				COPY_PHASE_STRIP = NO;
				DEBUG_INFORMATION_FORMAT = "dwarf-with-dsym";
				ENABLE_NS_ASSERTIONS = NO;
				ENABLE_STRICT_OBJC_MSGSEND = YES;
				GCC_C_LANGUAGE_STANDARD = gnu11;
				GCC_NO_COMMON_BLOCKS = YES;
				GCC_WARN_64_TO_32_BIT_CONVERSION = YES;
				GCC_WARN_ABOUT_RETURN_TYPE = YES_ERROR;
				GCC_WARN_UNDECLARED_SELECTOR = YES;
				GCC_WARN_UNINITIALIZED_AUTOS = YES_AGGRESSIVE;
				GCC_WARN_UNUSED_FUNCTION = YES;
				GCC_WARN_UNUSED_VARIABLE = YES;
				IPHONEOS_DEPLOYMENT_TARGET = 15.0;
				MTL_ENABLE_DEBUG_INFO = NO;
				MTL_FAST_MATH = YES;
				SDKROOT = iphoneos;
				SWIFT_COMPILATION_MODE = wholemodule;
				SWIFT_OPTIMIZATION_LEVEL = "-O";
				VALIDATE_PRODUCT = YES;
			};
			name = Release;
		};
		A58E6FA5272FF42C00A1B209 /* Debug */ = {
			isa = XCBuildConfiguration;
			buildSettings = {
				ASSETCATALOG_COMPILER_APPICON_NAME = AppIcon;
				ASSETCATALOG_COMPILER_GLOBAL_ACCENT_COLOR_NAME = AccentColor;
				CODE_SIGN_STYLE = Automatic;
				CURRENT_PROJECT_VERSION = 1;
				GENERATE_INFOPLIST_FILE = YES;
				INFOPLIST_FILE = "Signature App/Info.plist";
				INFOPLIST_KEY_UIApplicationSupportsIndirectInputEvents = YES;
				INFOPLIST_KEY_UILaunchStoryboardName = LaunchScreen;
				INFOPLIST_KEY_UIMainStoryboardFile = Main;
				INFOPLIST_KEY_UISupportedInterfaceOrientations_iPad = "UIInterfaceOrientationPortrait UIInterfaceOrientationPortraitUpsideDown UIInterfaceOrientationLandscapeLeft UIInterfaceOrientationLandscapeRight";
				INFOPLIST_KEY_UISupportedInterfaceOrientations_iPhone = "UIInterfaceOrientationPortrait UIInterfaceOrientationLandscapeLeft UIInterfaceOrientationLandscapeRight";
				LD_RUNPATH_SEARCH_PATHS = (
					"$(inherited)",
					"@executable_path/Frameworks",
				);
				MARKETING_VERSION = 1.0;
				PRODUCT_BUNDLE_IDENTIFIER = "com.Razan.MyApp.Signature-App";
				PRODUCT_NAME = "$(TARGET_NAME)";
				SWIFT_EMIT_LOC_STRINGS = YES;
				SWIFT_VERSION = 5.0;
				TARGETED_DEVICE_FAMILY = "1,2";
			};
			name = Debug;
		};
		A58E6FA6272FF42C00A1B209 /* Release */ = {
			isa = XCBuildConfiguration;
			buildSettings = {
				ASSETCATALOG_COMPILER_APPICON_NAME = AppIcon;
				ASSETCATALOG_COMPILER_GLOBAL_ACCENT_COLOR_NAME = AccentColor;
				CODE_SIGN_STYLE = Automatic;
				CURRENT_PROJECT_VERSION = 1;
				GENERATE_INFOPLIST_FILE = YES;
				INFOPLIST_FILE = "Signature App/Info.plist";
				INFOPLIST_KEY_UIApplicationSupportsIndirectInputEvents = YES;
				INFOPLIST_KEY_UILaunchStoryboardName = LaunchScreen;
				INFOPLIST_KEY_UIMainStoryboardFile = Main;
				INFOPLIST_KEY_UISupportedInterfaceOrientations_iPad = "UIInterfaceOrientationPortrait UIInterfaceOrientationPortraitUpsideDown UIInterfaceOrientationLandscapeLeft UIInterfaceOrientationLandscapeRight";
				INFOPLIST_KEY_UISupportedInterfaceOrientations_iPhone = "UIInterfaceOrientationPortrait UIInterfaceOrientationLandscapeLeft UIInterfaceOrientationLandscapeRight";
				LD_RUNPATH_SEARCH_PATHS = (
					"$(inherited)",
					"@executable_path/Frameworks",
				);
				MARKETING_VERSION = 1.0;
				PRODUCT_BUNDLE_IDENTIFIER = "com.Razan.MyApp.Signature-App";
				PRODUCT_NAME = "$(TARGET_NAME)";
				SWIFT_EMIT_LOC_STRINGS = YES;
				SWIFT_VERSION = 5.0;
				TARGETED_DEVICE_FAMILY = "1,2";
			};
			name = Release;
		};
/* End XCBuildConfiguration section */

/* Begin XCConfigurationList section */
		A58E6F88272FF42500A1B209 /* Build configuration list for PBXProject "Signature App" */ = {
			isa = XCConfigurationList;
			buildConfigurations = (
				A58E6FA2272FF42C00A1B209 /* Debug */,
				A58E6FA3272FF42C00A1B209 /* Release */,
			);
			defaultConfigurationIsVisible = 0;
			defaultConfigurationName = Release;
		};
		A58E6FA4272FF42C00A1B209 /* Build configuration list for PBXNativeTarget "Signature App" */ = {
			isa = XCConfigurationList;
			buildConfigurations = (
				A58E6FA5272FF42C00A1B209 /* Debug */,
				A58E6FA6272FF42C00A1B209 /* Release */,
			);
			defaultConfigurationIsVisible = 0;
			defaultConfigurationName = Release;
		};
/* End XCConfigurationList section */

/* Begin XCVersionGroup section */
		A58E6F99272FF42500A1B209 /* Signature_App.xcdatamodeld */ = {
			isa = XCVersionGroup;
			children = (
				A58E6F9A272FF42500A1B209 /* Signature_App.xcdatamodel */,
			);
			currentVersion = A58E6F9A272FF42500A1B209 /* Signature_App.xcdatamodel */;
			path = Signature_App.xcdatamodeld;
			sourceTree = "<group>";
			versionGroupType = wrapper.xcdatamodel;
		};
/* End XCVersionGroup section */
	};
	rootObject = A58E6F85272FF42500A1B209 /* Project object */;
}
